{
  "name": "moon-examples",
  "version": "1.2.3",
  "lockfileVersion": 3,
  "requires": true,
  "packages": {
    "node_modules/tap/node_modules/yaml": {
      "version": "1.10.2",
      "dev": true,
      "inBundle": true,
      "license": "ISC",
      "engines": {
        "node": ">= 6"
      }
    },
    "node_modules/yaml": {
      "version": "2.2.2",
      "resolved": "https://registry.npmjs.org/yaml/-/yaml-2.2.2.tgz",
      "integrity": "sha512-CBKFWExMn46Foo4cldiChEzn7S7SRV+wqiluAb6xmueD/fGyRHIhX8m14vVGgeFWjN540nKCNVj6P21eQjgTuA==",
      "dev": true,
      "engines": {
        "node": ">= 14"
      }
    },
    "workspaces/libnpmdiff": {
      "version": "5.0.17",
      "license": "ISC",
      "dependencies": {
        "@npmcli/arborist": "^6.2.9",
        "@npmcli/disparity-colors": "^3.0.0",
        "@npmcli/installed-package-contents": "^2.0.2",
        "binary-extensions": "^2.2.0",
        "diff": "^5.1.0",
        "minimatch": "^9.0.0",
        "npm-package-arg": "^10.1.0",
        "pacote": "^15.0.8",
        "tar": "^6.1.13"
      },
      "devDependencies": {
        "@npmcli/eslint-config": "^4.0.0",
        "@npmcli/template-oss": "4.14.1",
        "tap": "^16.3.4"
      },
      "engines": {
        "node": "^14.17.0 || ^16.13.0 || >=18.0.0"
      }
    }
  }
}
